
Microsoft Visual Studio Solution File, Format Version 12.00
# Visual Studio Version 16
VisualStudioVersion = 16.0.30907.101
MinimumVisualStudioVersion = 10.0.40219.1
Project("{9A19103F-16F7-4668-BE54-9A1E7A4F7556}") = "Majorsilence.Vpn.Site", "Majorsilence.Vpn.Site\Majorsilence.Vpn.Site.csproj", "{65230764-5A1B-4EA4-AEC8-62B3EF9ACC3B}"
EndProject
Project("{9A19103F-16F7-4668-BE54-9A1E7A4F7556}") = "Majorsilence.Vpn.Site.Tests", "Majorsilence.Vpn.Site.Tests\Majorsilence.Vpn.Site.Tests.csproj", "{038CDF2A-0D94-4A74-B387-19CDA0AD333A}"
EndProject
Project("{9A19103F-16F7-4668-BE54-9A1E7A4F7556}") = "Majorsilence.Vpn.Logic", "Majorsilence.Vpn.Logic\Majorsilence.Vpn.Logic.csproj", "{35B0D4BC-8E11-4BA8-9DC2-322478C75FD5}"
EndProject
Project("{9A19103F-16F7-4668-BE54-9A1E7A4F7556}") = "Majorsilence.Vpn.Poco", "Majorsilence.Vpn.Poco\Majorsilence.Vpn.Poco.csproj", "{45F7ECD1-4362-42A8-86A8-1FABF559F935}"
EndProject
Project("{9A19103F-16F7-4668-BE54-9A1E7A4F7556}") = "Majorsilence.Vpn.Site.TestsFast", "Majorsilence.Vpn.Site.TestsFast\Majorsilence.Vpn.Site.TestsFast.csproj", "{65CCF0D4-FD3D-4B4B-B02A-CCDEE0D08592}"
EndProject
Project("{9A19103F-16F7-4668-BE54-9A1E7A4F7556}") = "Majorsilence.Vpn.Site.TestsFastDebugger", "Majorsilence.Vpn.Site.TestsFastDebugger\Majorsilence.Vpn.Site.TestsFastDebugger.csproj", "{AD628056-C701-4729-97D5-49A4FE21EF6D}"
EndProject
Project("{9A19103F-16F7-4668-BE54-9A1E7A4F7556}") = "Majorsilence.Vpn.MajorsilenceTypes", "Majorsilence.Vpn.MajorsilenceTypes\Majorsilence.Vpn.MajorsilenceTypes.csproj", "{7DCB49F1-5840-456B-803C-F987A9CA8192}"
EndProject
Project("{E53339B2-1760-4266-BCC7-CA923CBCF16C}") = "docker-compose", "docker-compose.dcproj", "{C5C2489F-06B9-456A-A6AB-CE62C42AFFAD}"
EndProject
Project("{FAE04EC0-301F-11D3-BF4B-00C04F79EFBC}") = "Majorsilence.Vpn.BackgroundWorker", "Majorsilence.Vpn.BackgroundWorker\Majorsilence.Vpn.BackgroundWorker.csproj", "{66D7D42A-93A5-4BE0-AE69-8488CC74410A}"
EndProject
Global
	GlobalSection(SolutionConfigurationPlatforms) = preSolution
		Debug|Any CPU = Debug|Any CPU
		Debug|x86 = Debug|x86
		Release|Any CPU = Release|Any CPU
		Release|x86 = Release|x86
	EndGlobalSection
	GlobalSection(ProjectConfigurationPlatforms) = postSolution
		{65230764-5A1B-4EA4-AEC8-62B3EF9ACC3B}.Debug|Any CPU.ActiveCfg = Debug|Any CPU
		{65230764-5A1B-4EA4-AEC8-62B3EF9ACC3B}.Debug|Any CPU.Build.0 = Debug|Any CPU
		{65230764-5A1B-4EA4-AEC8-62B3EF9ACC3B}.Debug|x86.ActiveCfg = Debug|x86
		{65230764-5A1B-4EA4-AEC8-62B3EF9ACC3B}.Debug|x86.Build.0 = Debug|x86
		{65230764-5A1B-4EA4-AEC8-62B3EF9ACC3B}.Release|Any CPU.ActiveCfg = Release|Any CPU
		{65230764-5A1B-4EA4-AEC8-62B3EF9ACC3B}.Release|Any CPU.Build.0 = Release|Any CPU
		{65230764-5A1B-4EA4-AEC8-62B3EF9ACC3B}.Release|x86.ActiveCfg = Release|x86
		{65230764-5A1B-4EA4-AEC8-62B3EF9ACC3B}.Release|x86.Build.0 = Release|x86
		{038CDF2A-0D94-4A74-B387-19CDA0AD333A}.Debug|Any CPU.ActiveCfg = Debug|Any CPU
		{038CDF2A-0D94-4A74-B387-19CDA0AD333A}.Debug|Any CPU.Build.0 = Debug|Any CPU
		{038CDF2A-0D94-4A74-B387-19CDA0AD333A}.Debug|x86.ActiveCfg = Debug|x86
		{038CDF2A-0D94-4A74-B387-19CDA0AD333A}.Debug|x86.Build.0 = Debug|x86
		{038CDF2A-0D94-4A74-B387-19CDA0AD333A}.Release|Any CPU.ActiveCfg = Release|Any CPU
		{038CDF2A-0D94-4A74-B387-19CDA0AD333A}.Release|Any CPU.Build.0 = Release|Any CPU
		{038CDF2A-0D94-4A74-B387-19CDA0AD333A}.Release|x86.ActiveCfg = Release|Any CPU
		{038CDF2A-0D94-4A74-B387-19CDA0AD333A}.Release|x86.Build.0 = Release|Any CPU
		{35B0D4BC-8E11-4BA8-9DC2-322478C75FD5}.Debug|Any CPU.ActiveCfg = Debug|Any CPU
		{35B0D4BC-8E11-4BA8-9DC2-322478C75FD5}.Debug|Any CPU.Build.0 = Debug|Any CPU
		{35B0D4BC-8E11-4BA8-9DC2-322478C75FD5}.Debug|x86.ActiveCfg = Debug|Any CPU
		{35B0D4BC-8E11-4BA8-9DC2-322478C75FD5}.Debug|x86.Build.0 = Debug|Any CPU
		{35B0D4BC-8E11-4BA8-9DC2-322478C75FD5}.Release|Any CPU.ActiveCfg = Release|Any CPU
		{35B0D4BC-8E11-4BA8-9DC2-322478C75FD5}.Release|Any CPU.Build.0 = Release|Any CPU
		{35B0D4BC-8E11-4BA8-9DC2-322478C75FD5}.Release|x86.ActiveCfg = Release|Any CPU
		{45F7ECD1-4362-42A8-86A8-1FABF559F935}.Debug|Any CPU.ActiveCfg = Debug|Any CPU
		{45F7ECD1-4362-42A8-86A8-1FABF559F935}.Debug|Any CPU.Build.0 = Debug|Any CPU
		{45F7ECD1-4362-42A8-86A8-1FABF559F935}.Debug|x86.ActiveCfg = Debug|Any CPU
		{45F7ECD1-4362-42A8-86A8-1FABF559F935}.Debug|x86.Build.0 = Debug|Any CPU
		{45F7ECD1-4362-42A8-86A8-1FABF559F935}.Release|Any CPU.ActiveCfg = Release|Any CPU
		{45F7ECD1-4362-42A8-86A8-1FABF559F935}.Release|Any CPU.Build.0 = Release|Any CPU
		{45F7ECD1-4362-42A8-86A8-1FABF559F935}.Release|x86.ActiveCfg = Release|Any CPU
		{65CCF0D4-FD3D-4B4B-B02A-CCDEE0D08592}.Debug|Any CPU.ActiveCfg = Debug|Any CPU
		{65CCF0D4-FD3D-4B4B-B02A-CCDEE0D08592}.Debug|Any CPU.Build.0 = Debug|Any CPU
		{65CCF0D4-FD3D-4B4B-B02A-CCDEE0D08592}.Debug|x86.ActiveCfg = Debug|Any CPU
		{65CCF0D4-FD3D-4B4B-B02A-CCDEE0D08592}.Debug|x86.Build.0 = Debug|Any CPU
		{65CCF0D4-FD3D-4B4B-B02A-CCDEE0D08592}.Release|Any CPU.ActiveCfg = Release|Any CPU
		{65CCF0D4-FD3D-4B4B-B02A-CCDEE0D08592}.Release|Any CPU.Build.0 = Release|Any CPU
		{65CCF0D4-FD3D-4B4B-B02A-CCDEE0D08592}.Release|x86.ActiveCfg = Release|Any CPU
		{65CCF0D4-FD3D-4B4B-B02A-CCDEE0D08592}.Release|x86.Build.0 = Release|Any CPU
		{AD628056-C701-4729-97D5-49A4FE21EF6D}.Debug|Any CPU.ActiveCfg = Debug|Any CPU
		{AD628056-C701-4729-97D5-49A4FE21EF6D}.Debug|Any CPU.Build.0 = Debug|Any CPU
		{AD628056-C701-4729-97D5-49A4FE21EF6D}.Debug|x86.ActiveCfg = Debug|Any CPU
		{AD628056-C701-4729-97D5-49A4FE21EF6D}.Debug|x86.Build.0 = Debug|Any CPU
		{AD628056-C701-4729-97D5-49A4FE21EF6D}.Release|Any CPU.ActiveCfg = Release|Any CPU
		{AD628056-C701-4729-97D5-49A4FE21EF6D}.Release|Any CPU.Build.0 = Release|Any CPU
		{AD628056-C701-4729-97D5-49A4FE21EF6D}.Release|x86.ActiveCfg = Release|Any CPU
		{AD628056-C701-4729-97D5-49A4FE21EF6D}.Release|x86.Build.0 = Release|Any CPU
		{7DCB49F1-5840-456B-803C-F987A9CA8192}.Debug|Any CPU.ActiveCfg = Debug|Any CPU
		{7DCB49F1-5840-456B-803C-F987A9CA8192}.Debug|Any CPU.Build.0 = Debug|Any CPU
		{7DCB49F1-5840-456B-803C-F987A9CA8192}.Debug|x86.ActiveCfg = Debug|Any CPU
		{7DCB49F1-5840-456B-803C-F987A9CA8192}.Debug|x86.Build.0 = Debug|Any CPU
		{7DCB49F1-5840-456B-803C-F987A9CA8192}.Release|Any CPU.ActiveCfg = Release|Any CPU
		{7DCB49F1-5840-456B-803C-F987A9CA8192}.Release|Any CPU.Build.0 = Release|Any CPU
		{7DCB49F1-5840-456B-803C-F987A9CA8192}.Release|x86.ActiveCfg = Release|Any CPU
		{7DCB49F1-5840-456B-803C-F987A9CA8192}.Release|x86.Build.0 = Release|Any CPU
		{C5C2489F-06B9-456A-A6AB-CE62C42AFFAD}.Debug|Any CPU.ActiveCfg = Debug|Any CPU
		{C5C2489F-06B9-456A-A6AB-CE62C42AFFAD}.Debug|Any CPU.Build.0 = Debug|Any CPU
		{C5C2489F-06B9-456A-A6AB-CE62C42AFFAD}.Debug|x86.ActiveCfg = Debug|Any CPU
		{C5C2489F-06B9-456A-A6AB-CE62C42AFFAD}.Debug|x86.Build.0 = Debug|Any CPU
		{C5C2489F-06B9-456A-A6AB-CE62C42AFFAD}.Release|Any CPU.ActiveCfg = Release|Any CPU
		{C5C2489F-06B9-456A-A6AB-CE62C42AFFAD}.Release|Any CPU.Build.0 = Release|Any CPU
		{C5C2489F-06B9-456A-A6AB-CE62C42AFFAD}.Release|x86.ActiveCfg = Release|Any CPU
		{C5C2489F-06B9-456A-A6AB-CE62C42AFFAD}.Release|x86.Build.0 = Release|Any CPU
		{66D7D42A-93A5-4BE0-AE69-8488CC74410A}.Debug|Any CPU.ActiveCfg = Debug|Any CPU
		{66D7D42A-93A5-4BE0-AE69-8488CC74410A}.Debug|Any CPU.Build.0 = Debug|Any CPU
		{66D7D42A-93A5-4BE0-AE69-8488CC74410A}.Debug|x86.ActiveCfg = Debug|Any CPU
		{66D7D42A-93A5-4BE0-AE69-8488CC74410A}.Debug|x86.Build.0 = Debug|Any CPU
		{66D7D42A-93A5-4BE0-AE69-8488CC74410A}.Release|Any CPU.ActiveCfg = Release|Any CPU
		{66D7D42A-93A5-4BE0-AE69-8488CC74410A}.Release|Any CPU.Build.0 = Release|Any CPU
		{66D7D42A-93A5-4BE0-AE69-8488CC74410A}.Release|x86.ActiveCfg = Release|Any CPU
		{66D7D42A-93A5-4BE0-AE69-8488CC74410A}.Release|x86.Build.0 = Release|Any CPU
	EndGlobalSection
	GlobalSection(SolutionProperties) = preSolution
		HideSolutionNode = FALSE
	EndGlobalSection
	GlobalSection(ExtensibilityGlobals) = postSolution
		SolutionGuid = {206783A2-9A63-4FD7-98DF-6B9F0AC01794}
	EndGlobalSection
	GlobalSection(MonoDevelopProperties) = preSolution
		Policies = $0
		$0.TextStylePolicy = $2
		$1.FileWidth = 120
		$1.TabsToSpaces = False
		$1.inheritsSet = VisualStudio
		$1.inheritsScope = text/plain
		$2.EolMarker = Windows
		$2.inheritsSet = VisualStudio
		$2.inheritsScope = text/plain
		$2.scope = text/x-csharp
		$0.CSharpFormattingPolicy = $3
		$3.IndentSwitchBody = True
		$3.AnonymousMethodBraceStyle = NextLine
		$3.PropertyBraceStyle = NextLine
		$3.PropertyGetBraceStyle = NextLine
		$3.PropertySetBraceStyle = NextLine
		$3.EventBraceStyle = NextLine
		$3.EventAddBraceStyle = NextLine
		$3.EventRemoveBraceStyle = NextLine
		$3.StatementBraceStyle = NextLine
		$3.ElseNewLinePlacement = NewLine
		$3.CatchNewLinePlacement = NewLine
		$3.FinallyNewLinePlacement = NewLine
		$3.WhileNewLinePlacement = DoNotCare
		$3.ArrayInitializerWrapping = DoNotChange
		$3.ArrayInitializerBraceStyle = NextLine
		$3.BeforeMethodDeclarationParentheses = False
		$3.BeforeMethodCallParentheses = False
		$3.BeforeConstructorDeclarationParentheses = False
		$3.BeforeDelegateDeclarationParentheses = False
		$3.NewParentheses = False
		$3.SpacesBeforeBrackets = False
		$3.inheritsSet = Mono
		$3.inheritsScope = text/x-csharp
		$3.scope = text/x-csharp
		$0.StandardHeader = $4
		$4.Text = 
		$4.IncludeInNewFiles = True
		$0.DotNetNamingPolicy = $5
		$5.DirectoryNamespaceAssociation = None
		$5.ResourceNamePolicy = FileFormatDefault
	EndGlobalSection
EndGlobal
